
Microsoft Visual Studio Solution File, Format Version 12.00
# Visual Studio Version 16
VisualStudioVersion = 16.0.31129.286
MinimumVisualStudioVersion = 10.0.40219.1
Project("{9A19103F-16F7-4668-BE54-9A1E7A4F7556}") = "LARP", "LARP\LARP.csproj", "{651B3A15-6051-486C-A394-6757DFA7D041}"
EndProject
Global
	GlobalSection(SolutionConfigurationPlatforms) = preSolution
		Debug|Any CPU = Debug|Any CPU
		Release|Any CPU = Release|Any CPU
	EndGlobalSection
	GlobalSection(ProjectConfigurationPlatforms) = postSolution
		{651B3A15-6051-486C-A394-6757DFA7D041}.Debug|Any CPU.ActiveCfg = Debug|Any CPU
		{651B3A15-6051-486C-A394-6757DFA7D041}.Debug|Any CPU.Build.0 = Debug|Any CPU
		{651B3A15-6051-486C-A394-6757DFA7D041}.Release|Any CPU.ActiveCfg = Release|Any CPU
		{651B3A15-6051-486C-A394-6757DFA7D041}.Release|Any CPU.Build.0 = Release|Any CPU
	EndGlobalSection
	GlobalSection(SolutionProperties) = preSolution
		HideSolutionNode = FALSE
	EndGlobalSection
	GlobalSection(ExtensibilityGlobals) = postSolution
		SolutionGuid = {6C6F57A4-F830-4F6F-B5AA-27E46E73754A}
	EndGlobalSection
EndGlobal
